
Microsoft Visual Studio Solution File, Format Version 12.00
# Visual Studio 15
VisualStudioVersion = 15.0.28307.329
MinimumVisualStudioVersion = 10.0.40219.1
Project("{9A19103F-16F7-4668-BE54-9A1E7A4F7556}") = "CurrencyConverter", "CurrencyConverter\CurrencyConverter.csproj", "{05DBFECD-BF05-4176-B510-7C97C0331DFA}"
EndProject
Project("{FAE04EC0-301F-11D3-BF4B-00C04F79EFBC}") = "CurrencyConverter.Tests", "CurrencyConverter.Tests\CurrencyConverter.Tests.csproj", "{B54CA58C-8187-4E9D-A26C-456230C4246F}"
EndProject
Global
	GlobalSection(SolutionConfigurationPlatforms) = preSolution
		Debug|Any CPU = Debug|Any CPU
		Release|Any CPU = Release|Any CPU
	EndGlobalSection
	GlobalSection(ProjectConfigurationPlatforms) = postSolution
		{05DBFECD-BF05-4176-B510-7C97C0331DFA}.Debug|Any CPU.ActiveCfg = Debug|Any CPU
		{05DBFECD-BF05-4176-B510-7C97C0331DFA}.Debug|Any CPU.Build.0 = Debug|Any CPU
		{05DBFECD-BF05-4176-B510-7C97C0331DFA}.Release|Any CPU.ActiveCfg = Release|Any CPU
		{05DBFECD-BF05-4176-B510-7C97C0331DFA}.Release|Any CPU.Build.0 = Release|Any CPU
		{B54CA58C-8187-4E9D-A26C-456230C4246F}.Debug|Any CPU.ActiveCfg = Debug|Any CPU
		{B54CA58C-8187-4E9D-A26C-456230C4246F}.Debug|Any CPU.Build.0 = Debug|Any CPU
		{B54CA58C-8187-4E9D-A26C-456230C4246F}.Release|Any CPU.ActiveCfg = Release|Any CPU
		{B54CA58C-8187-4E9D-A26C-456230C4246F}.Release|Any CPU.Build.0 = Release|Any CPU
	EndGlobalSection
	GlobalSection(SolutionProperties) = preSolution
		HideSolutionNode = FALSE
	EndGlobalSection
	GlobalSection(ExtensibilityGlobals) = postSolution
		SolutionGuid = {11B78D71-1147-41F0-8320-655CDAAA6226}
	EndGlobalSection
EndGlobal
